
Microsoft Visual Studio Solution File, Format Version 12.00
# Visual Studio Version 17
VisualStudioVersion = 17.10.34916.146
MinimumVisualStudioVersion = 10.0.40219.1
Project("{9A19103F-16F7-4668-BE54-9A1E7A4F7556}") = "chatzxc", "chatzxc.csproj", "{BD2A03B3-2B14-4BD9-92F8-83710C4613CF}"
EndProject
Global
	GlobalSection(SolutionConfigurationPlatforms) = preSolution
		Debug|Any CPU = Debug|Any CPU
		Release|Any CPU = Release|Any CPU
	EndGlobalSection
	GlobalSection(ProjectConfigurationPlatforms) = postSolution
		{BD2A03B3-2B14-4BD9-92F8-83710C4613CF}.Debug|Any CPU.ActiveCfg = Debug|Any CPU
		{BD2A03B3-2B14-4BD9-92F8-83710C4613CF}.Debug|Any CPU.Build.0 = Debug|Any CPU
		{BD2A03B3-2B14-4BD9-92F8-83710C4613CF}.Release|Any CPU.ActiveCfg = Release|Any CPU
		{BD2A03B3-2B14-4BD9-92F8-83710C4613CF}.Release|Any CPU.Build.0 = Release|Any CPU
	EndGlobalSection
	GlobalSection(SolutionProperties) = preSolution
		HideSolutionNode = FALSE
	EndGlobalSection
	GlobalSection(ExtensibilityGlobals) = postSolution
		SolutionGuid = {CE81B391-9823-4A01-AC15-792C4A142824}
	EndGlobalSection
EndGlobal
